
Microsoft Visual Studio Solution File, Format Version 12.00
# Visual Studio Version 16
VisualStudioVersion = 16.0.30011.22
MinimumVisualStudioVersion = 10.0.40219.1
Project("{FAE04EC0-301F-11D3-BF4B-00C04F79EFBC}") = "OrderImport", "OrderImport\OrderImport.csproj", "{9068D159-1D79-46A9-83CD-55BA8C78A558}"
EndProject
Global
	GlobalSection(SolutionConfigurationPlatforms) = preSolution
		Debug|Any CPU = Debug|Any CPU
		Release|Any CPU = Release|Any CPU
	EndGlobalSection
	GlobalSection(ProjectConfigurationPlatforms) = postSolution
		{9068D159-1D79-46A9-83CD-55BA8C78A558}.Debug|Any CPU.ActiveCfg = Debug|Any CPU
		{9068D159-1D79-46A9-83CD-55BA8C78A558}.Debug|Any CPU.Build.0 = Debug|Any CPU
		{9068D159-1D79-46A9-83CD-55BA8C78A558}.Release|Any CPU.ActiveCfg = Release|Any CPU
		{9068D159-1D79-46A9-83CD-55BA8C78A558}.Release|Any CPU.Build.0 = Release|Any CPU
	EndGlobalSection
	GlobalSection(SolutionProperties) = preSolution
		HideSolutionNode = FALSE
	EndGlobalSection
	GlobalSection(ExtensibilityGlobals) = postSolution
		SolutionGuid = {7F67A7B8-CAA5-410A-A80C-BEE3FA51CE1D}
	EndGlobalSection
EndGlobal
